// !$*UTF8*$!
{
	archiveVersion = 1;
	classes = {
	};
	objectVersion = 46;
	objects = {

/* Begin PBXBuildFile section */
		184A4C7B1BBB503900124302 /* AppDelegate.swift in Sources */ = {isa = PBXBuildFile; fileRef = 184A4C7A1BBB503900124302 /* AppDelegate.swift */; };
		184A4C7D1BBB503900124302 /* RecordSoundsViewController.swift in Sources */ = {isa = PBXBuildFile; fileRef = 184A4C7C1BBB503900124302 /* RecordSoundsViewController.swift */; };
		184A4C801BBB503900124302 /* Main.storyboard in Resources */ = {isa = PBXBuildFile; fileRef = 184A4C7E1BBB503900124302 /* Main.storyboard */; };
		184A4C821BBB503900124302 /* Images.xcassets in Resources */ = {isa = PBXBuildFile; fileRef = 184A4C811BBB503900124302 /* Images.xcassets */; };
		184A4C851BBB503900124302 /* LaunchScreen.xib in Resources */ = {isa = PBXBuildFile; fileRef = 184A4C831BBB503900124302 /* LaunchScreen.xib */; };
		184A4C911BBB503900124302 /* Pitch_PerfectTests.swift in Sources */ = {isa = PBXBuildFile; fileRef = 184A4C901BBB503900124302 /* Pitch_PerfectTests.swift */; };
		188A64ED1BBE222E00CBF045 /* RecordedAudio.swift in Sources */ = {isa = PBXBuildFile; fileRef = 188A64EC1BBE222E00CBF045 /* RecordedAudio.swift */; };
		18DB5A701BBDDC7D00C9DD1C /* PlaySoundsViewController.swift in Sources */ = {isa = PBXBuildFile; fileRef = 18DB5A6F1BBDDC7D00C9DD1C /* PlaySoundsViewController.swift */; };
		18DB5A721BBDE05D00C9DD1C /* movie_quote.mp3 in Resources */ = {isa = PBXBuildFile; fileRef = 18DB5A711BBDE05D00C9DD1C /* movie_quote.mp3 */; };
/* End PBXBuildFile section */

/* Begin PBXContainerItemProxy section */
		184A4C8B1BBB503900124302 /* PBXContainerItemProxy */ = {
			isa = PBXContainerItemProxy;
			containerPortal = 184A4C6D1BBB503900124302 /* Project object */;
			proxyType = 1;
			remoteGlobalIDString = 184A4C741BBB503900124302;
			remoteInfo = "Pitch Perfect";
		};
/* End PBXContainerItemProxy section */

/* Begin PBXFileReference section */
		184A4C751BBB503900124302 /* Pitch Perfect.app */ = {isa = PBXFileReference; explicitFileType = wrapper.application; includeInIndex = 0; path = "Pitch Perfect.app"; sourceTree = BUILT_PRODUCTS_DIR; };
		184A4C791BBB503900124302 /* Info.plist */ = {isa = PBXFileReference; lastKnownFileType = text.plist.xml; path = Info.plist; sourceTree = "<group>"; };
		184A4C7A1BBB503900124302 /* AppDelegate.swift */ = {isa = PBXFileReference; lastKnownFileType = sourcecode.swift; path = AppDelegate.swift; sourceTree = "<group>"; };
		184A4C7C1BBB503900124302 /* RecordSoundsViewController.swift */ = {isa = PBXFileReference; lastKnownFileType = sourcecode.swift; path = RecordSoundsViewController.swift; sourceTree = "<group>"; };
		184A4C7F1BBB503900124302 /* Base */ = {isa = PBXFileReference; lastKnownFileType = file.storyboard; name = Base; path = Base.lproj/Main.storyboard; sourceTree = "<group>"; };
		184A4C811BBB503900124302 /* Images.xcassets */ = {isa = PBXFileReference; lastKnownFileType = folder.assetcatalog; path = Images.xcassets; sourceTree = "<group>"; };
		184A4C841BBB503900124302 /* Base */ = {isa = PBXFileReference; lastKnownFileType = file.xib; name = Base; path = Base.lproj/LaunchScreen.xib; sourceTree = "<group>"; };
		184A4C8A1BBB503900124302 /* Pitch PerfectTests.xctest */ = {isa = PBXFileReference; explicitFileType = wrapper.cfbundle; includeInIndex = 0; path = "Pitch PerfectTests.xctest"; sourceTree = BUILT_PRODUCTS_DIR; };
		184A4C8F1BBB503900124302 /* Info.plist */ = {isa = PBXFileReference; lastKnownFileType = text.plist.xml; path = Info.plist; sourceTree = "<group>"; };
		184A4C901BBB503900124302 /* Pitch_PerfectTests.swift */ = {isa = PBXFileReference; lastKnownFileType = sourcecode.swift; path = Pitch_PerfectTests.swift; sourceTree = "<group>"; };
		188A64EC1BBE222E00CBF045 /* RecordedAudio.swift */ = {isa = PBXFileReference; fileEncoding = 4; lastKnownFileType = sourcecode.swift; path = RecordedAudio.swift; sourceTree = "<group>"; };
		18DB5A6F1BBDDC7D00C9DD1C /* PlaySoundsViewController.swift */ = {isa = PBXFileReference; fileEncoding = 4; lastKnownFileType = sourcecode.swift; path = PlaySoundsViewController.swift; sourceTree = "<group>"; };
		18DB5A711BBDE05D00C9DD1C /* movie_quote.mp3 */ = {isa = PBXFileReference; lastKnownFileType = audio.mp3; path = movie_quote.mp3; sourceTree = "<group>"; };
/* End PBXFileReference section */

/* Begin PBXFrameworksBuildPhase section */
		184A4C721BBB503900124302 /* Frameworks */ = {
			isa = PBXFrameworksBuildPhase;
			buildActionMask = 2147483647;
			files = (
			);
			runOnlyForDeploymentPostprocessing = 0;
		};
		184A4C871BBB503900124302 /* Frameworks */ = {
			isa = PBXFrameworksBuildPhase;
			buildActionMask = 2147483647;
			files = (
			);
			runOnlyForDeploymentPostprocessing = 0;
		};
/* End PBXFrameworksBuildPhase section */

/* Begin PBXGroup section */
		184A4C6C1BBB503900124302 = {
			isa = PBXGroup;
			children = (
				184A4C771BBB503900124302 /* Pitch Perfect */,
				184A4C8D1BBB503900124302 /* Pitch PerfectTests */,
				184A4C761BBB503900124302 /* Products */,
			);
			sourceTree = "<group>";
		};
		184A4C761BBB503900124302 /* Products */ = {
			isa = PBXGroup;
			children = (
				184A4C751BBB503900124302 /* Pitch Perfect.app */,
				184A4C8A1BBB503900124302 /* Pitch PerfectTests.xctest */,
			);
			name = Products;
			sourceTree = "<group>";
		};
		184A4C771BBB503900124302 /* Pitch Perfect */ = {
			isa = PBXGroup;
			children = (
				184A4C7A1BBB503900124302 /* AppDelegate.swift */,
				184A4C7C1BBB503900124302 /* RecordSoundsViewController.swift */,
				188A64EC1BBE222E00CBF045 /* RecordedAudio.swift */,
				184A4C7E1BBB503900124302 /* Main.storyboard */,
				18DB5A6F1BBDDC7D00C9DD1C /* PlaySoundsViewController.swift */,
				184A4C811BBB503900124302 /* Images.xcassets */,
				184A4C831BBB503900124302 /* LaunchScreen.xib */,
				184A4C781BBB503900124302 /* Supporting Files */,
			);
			path = "Pitch Perfect";
			sourceTree = "<group>";
		};
		184A4C781BBB503900124302 /* Supporting Files */ = {
			isa = PBXGroup;
			children = (
				18DB5A711BBDE05D00C9DD1C /* movie_quote.mp3 */,
				184A4C791BBB503900124302 /* Info.plist */,
			);
			name = "Supporting Files";
			sourceTree = "<group>";
		};
		184A4C8D1BBB503900124302 /* Pitch PerfectTests */ = {
			isa = PBXGroup;
			children = (
				184A4C901BBB503900124302 /* Pitch_PerfectTests.swift */,
				184A4C8E1BBB503900124302 /* Supporting Files */,
			);
			path = "Pitch PerfectTests";
			sourceTree = "<group>";
		};
		184A4C8E1BBB503900124302 /* Supporting Files */ = {
			isa = PBXGroup;
			children = (
				184A4C8F1BBB503900124302 /* Info.plist */,
			);
			name = "Supporting Files";
			sourceTree = "<group>";
		};
/* End PBXGroup section */

/* Begin PBXNativeTarget section */
		184A4C741BBB503900124302 /* Pitch Perfect */ = {
			isa = PBXNativeTarget;
			buildConfigurationList = 184A4C941BBB503900124302 /* Build configuration list for PBXNativeTarget "Pitch Perfect" */;
			buildPhases = (
				184A4C711BBB503900124302 /* Sources */,
				184A4C721BBB503900124302 /* Frameworks */,
				184A4C731BBB503900124302 /* Resources */,
			);
			buildRules = (
			);
			dependencies = (
			);
			name = "Pitch Perfect";
			productName = "Pitch Perfect";
			productReference = 184A4C751BBB503900124302 /* Pitch Perfect.app */;
			productType = "com.apple.product-type.application";
		};
		184A4C891BBB503900124302 /* Pitch PerfectTests */ = {
			isa = PBXNativeTarget;
			buildConfigurationList = 184A4C971BBB503900124302 /* Build configuration list for PBXNativeTarget "Pitch PerfectTests" */;
			buildPhases = (
				184A4C861BBB503900124302 /* Sources */,
				184A4C871BBB503900124302 /* Frameworks */,
				184A4C881BBB503900124302 /* Resources */,
			);
			buildRules = (
			);
			dependencies = (
				184A4C8C1BBB503900124302 /* PBXTargetDependency */,
			);
			name = "Pitch PerfectTests";
			productName = "Pitch PerfectTests";
			productReference = 184A4C8A1BBB503900124302 /* Pitch PerfectTests.xctest */;
			productType = "com.apple.product-type.bundle.unit-test";
		};
/* End PBXNativeTarget section */

/* Begin PBXProject section */
		184A4C6D1BBB503900124302 /* Project object */ = {
			isa = PBXProject;
			attributes = {
				LastUpgradeCheck = 0640;
				ORGANIZATIONNAME = JennyLouthan;
				TargetAttributes = {
					184A4C741BBB503900124302 = {
						CreatedOnToolsVersion = 6.4;
						DevelopmentTeam = GW9LN5A7NP;
					};
					184A4C891BBB503900124302 = {
						CreatedOnToolsVersion = 6.4;
						TestTargetID = 184A4C741BBB503900124302;
					};
				};
			};
			buildConfigurationList = 184A4C701BBB503900124302 /* Build configuration list for PBXProject "Pitch Perfect" */;
			compatibilityVersion = "Xcode 3.2";
			developmentRegion = English;
			hasScannedForEncodings = 0;
			knownRegions = (
				en,
				Base,
			);
			mainGroup = 184A4C6C1BBB503900124302;
			productRefGroup = 184A4C761BBB503900124302 /* Products */;
			projectDirPath = "";
			projectRoot = "";
			targets = (
				184A4C741BBB503900124302 /* Pitch Perfect */,
				184A4C891BBB503900124302 /* Pitch PerfectTests */,
			);
		};
/* End PBXProject section */

/* Begin PBXResourcesBuildPhase section */
		184A4C731BBB503900124302 /* Resources */ = {
			isa = PBXResourcesBuildPhase;
			buildActionMask = 2147483647;
			files = (
				184A4C801BBB503900124302 /* Main.storyboard in Resources */,
				184A4C851BBB503900124302 /* LaunchScreen.xib in Resources */,
				18DB5A721BBDE05D00C9DD1C /* movie_quote.mp3 in Resources */,
				184A4C821BBB503900124302 /* Images.xcassets in Resources */,
			);
			runOnlyForDeploymentPostprocessing = 0;
		};
		184A4C881BBB503900124302 /* Resources */ = {
			isa = PBXResourcesBuildPhase;
			buildActionMask = 2147483647;
			files = (
			);
			runOnlyForDeploymentPostprocessing = 0;
		};
/* End PBXResourcesBuildPhase section */

/* Begin PBXSourcesBuildPhase section */
		184A4C711BBB503900124302 /* Sources */ = {
			isa = PBXSourcesBuildPhase;
			buildActionMask = 2147483647;
			files = (
				188A64ED1BBE222E00CBF045 /* RecordedAudio.swift in Sources */,
				184A4C7D1BBB503900124302 /* RecordSoundsViewController.swift in Sources */,
				18DB5A701BBDDC7D00C9DD1C /* PlaySoundsViewController.swift in Sources */,
				184A4C7B1BBB503900124302 /* AppDelegate.swift in Sources */,
			);
			runOnlyForDeploymentPostprocessing = 0;
		};
		184A4C861BBB503900124302 /* Sources */ = {
			isa = PBXSourcesBuildPhase;
			buildActionMask = 2147483647;
			files = (
				184A4C911BBB503900124302 /* Pitch_PerfectTests.swift in Sources */,
			);
			runOnlyForDeploymentPostprocessing = 0;
		};
/* End PBXSourcesBuildPhase section */

/* Begin PBXTargetDependency section */
		184A4C8C1BBB503900124302 /* PBXTargetDependency */ = {
			isa = PBXTargetDependency;
			target = 184A4C741BBB503900124302 /* Pitch Perfect */;
			targetProxy = 184A4C8B1BBB503900124302 /* PBXContainerItemProxy */;
		};
/* End PBXTargetDependency section */

/* Begin PBXVariantGroup section */
		184A4C7E1BBB503900124302 /* Main.storyboard */ = {
			isa = PBXVariantGroup;
			children = (
				184A4C7F1BBB503900124302 /* Base */,
			);
			name = Main.storyboard;
			sourceTree = "<group>";
		};
		184A4C831BBB503900124302 /* LaunchScreen.xib */ = {
			isa = PBXVariantGroup;
			children = (
				184A4C841BBB503900124302 /* Base */,
			);
			name = LaunchScreen.xib;
			sourceTree = "<group>";
		};
/* End PBXVariantGroup section */

/* Begin XCBuildConfiguration section */
		184A4C921BBB503900124302 /* Debug */ = {
			isa = XCBuildConfiguration;
			buildSettings = {
				ALWAYS_SEARCH_USER_PATHS = NO;
				CLANG_CXX_LANGUAGE_STANDARD = "gnu++0x";
				CLANG_CXX_LIBRARY = "libc++";
				CLANG_ENABLE_MODULES = YES;
				CLANG_ENABLE_OBJC_ARC = YES;
				CLANG_WARN_BOOL_CONVERSION = YES;
				CLANG_WARN_CONSTANT_CONVERSION = YES;
				CLANG_WARN_DIRECT_OBJC_ISA_USAGE = YES_ERROR;
				CLANG_WARN_EMPTY_BODY = YES;
				CLANG_WARN_ENUM_CONVERSION = YES;
				CLANG_WARN_INT_CONVERSION = YES;
				CLANG_WARN_OBJC_ROOT_CLASS = YES_ERROR;
				CLANG_WARN_UNREACHABLE_CODE = YES;
				CLANG_WARN__DUPLICATE_METHOD_MATCH = YES;
				"CODE_SIGN_IDENTITY[sdk=iphoneos*]" = "iPhone Developer";
				COPY_PHASE_STRIP = NO;
				DEBUG_INFORMATION_FORMAT = "dwarf-with-dsym";
				ENABLE_STRICT_OBJC_MSGSEND = YES;
				GCC_C_LANGUAGE_STANDARD = gnu99;
				GCC_DYNAMIC_NO_PIC = NO;
				GCC_NO_COMMON_BLOCKS = YES;
				GCC_OPTIMIZATION_LEVEL = 0;
				GCC_PREPROCESSOR_DEFINITIONS = (
					"DEBUG=1",
					"$(inherited)",
				);
				GCC_SYMBOLS_PRIVATE_EXTERN = NO;
				GCC_WARN_64_TO_32_BIT_CONVERSION = YES;
				GCC_WARN_ABOUT_RETURN_TYPE = YES_ERROR;
				GCC_WARN_UNDECLARED_SELECTOR = YES;
				GCC_WARN_UNINITIALIZED_AUTOS = YES_AGGRESSIVE;
				GCC_WARN_UNUSED_FUNCTION = YES;
				GCC_WARN_UNUSED_VARIABLE = YES;
				IPHONEOS_DEPLOYMENT_TARGET = 8.4;
				MTL_ENABLE_DEBUG_INFO = YES;
				ONLY_ACTIVE_ARCH = YES;
				SDKROOT = iphoneos;
				SWIFT_OPTIMIZATION_LEVEL = "-Onone";
			};
			name = Debug;
		};
		184A4C931BBB503900124302 /* Release */ = {
			isa = XCBuildConfiguration;
			buildSettings = {
				ALWAYS_SEARCH_USER_PATHS = NO;
				CLANG_CXX_LANGUAGE_STANDARD = "gnu++0x";
				CLANG_CXX_LIBRARY = "libc++";
				CLANG_ENABLE_MODULES = YES;
				CLANG_ENABLE_OBJC_ARC = YES;
				CLANG_WARN_BOOL_CONVERSION = YES;
				CLANG_WARN_CONSTANT_CONVERSION = YES;
				CLANG_WARN_DIRECT_OBJC_ISA_USAGE = YES_ERROR;
				CLANG_WARN_EMPTY_BODY = YES;
				CLANG_WARN_ENUM_CONVERSION = YES;
				CLANG_WARN_INT_CONVERSION = YES;
				CLANG_WARN_OBJC_ROOT_CLASS = YES_ERROR;
				CLANG_WARN_UNREACHABLE_CODE = YES;
				CLANG_WARN__DUPLICATE_METHOD_MATCH = YES;
				"CODE_SIGN_IDENTITY[sdk=iphoneos*]" = "iPhone Developer";
				COPY_PHASE_STRIP = NO;
				DEBUG_INFORMATION_FORMAT = "dwarf-with-dsym";
				ENABLE_NS_ASSERTIONS = NO;
				ENABLE_STRICT_OBJC_MSGSEND = YES;
				GCC_C_LANGUAGE_STANDARD = gnu99;
				GCC_NO_COMMON_BLOCKS = YES;
				GCC_WARN_64_TO_32_BIT_CONVERSION = YES;
				GCC_WARN_ABOUT_RETURN_TYPE = YES_ERROR;
				GCC_WARN_UNDECLARED_SELECTOR = YES;
				GCC_WARN_UNINITIALIZED_AUTOS = YES_AGGRESSIVE;
				GCC_WARN_UNUSED_FUNCTION = YES;
				GCC_WARN_UNUSED_VARIABLE = YES;
				IPHONEOS_DEPLOYMENT_TARGET = 8.4;
				MTL_ENABLE_DEBUG_INFO = NO;
				SDKROOT = iphoneos;
				VALIDATE_PRODUCT = YES;
			};
			name = Release;
		};
		184A4C951BBB503900124302 /* Debug */ = {
			isa = XCBuildConfiguration;
			buildSettings = {
				ASSETCATALOG_COMPILER_APPICON_NAME = AppIcon;
				CODE_SIGN_IDENTITY = "iPhone Developer";
				"CODE_SIGN_IDENTITY[sdk=iphoneos*]" = "iPhone Developer";
				INFOPLIST_FILE = "Pitch Perfect/Info.plist";
				IPHONEOS_DEPLOYMENT_TARGET = 8.0;
				LD_RUNPATH_SEARCH_PATHS = "$(inherited) @executable_path/Frameworks";
				PRODUCT_NAME = "$(TARGET_NAME)";
				PROVISIONING_PROFILE = "";
			};
			name = Debug;
		};
		184A4C961BBB503900124302 /* Release */ = {
			isa = XCBuildConfiguration;
			buildSettings = {
				ASSETCATALOG_COMPILER_APPICON_NAME = AppIcon;
				CODE_SIGN_IDENTITY = "iPhone Developer";
				"CODE_SIGN_IDENTITY[sdk=iphoneos*]" = "iPhone Developer";
				INFOPLIST_FILE = "Pitch Perfect/Info.plist";
				IPHONEOS_DEPLOYMENT_TARGET = 8.0;
				LD_RUNPATH_SEARCH_PATHS = "$(inherited) @executable_path/Frameworks";
				PRODUCT_NAME = "$(TARGET_NAME)";
				PROVISIONING_PROFILE = "";
			};
			name = Release;
		};
		184A4C981BBB503900124302 /* Debug */ = {
			isa = XCBuildConfiguration;
			buildSettings = {
				BUNDLE_LOADER = "$(TEST_HOST)";
				FRAMEWORK_SEARCH_PATHS = (
					"$(SDKROOT)/Developer/Library/Frameworks",
					"$(inherited)",
				);
				GCC_PREPROCESSOR_DEFINITIONS = (
					"DEBUG=1",
					"$(inherited)",
				);
				INFOPLIST_FILE = "Pitch PerfectTests/Info.plist";
				LD_RUNPATH_SEARCH_PATHS = "$(inherited) @executable_path/Frameworks @loader_path/Frameworks";
				PRODUCT_NAME = "$(TARGET_NAME)";
				TEST_HOST = "$(BUILT_PRODUCTS_DIR)/Pitch Perfect.app/Pitch Perfect";
			};
			name = Debug;
		};
		184A4C991BBB503900124302 /* Release */ = {
			isa = XCBuildConfiguration;
			buildSettings = {
				BUNDLE_LOADER = "$(TEST_HOST)";
				FRAMEWORK_SEARCH_PATHS = (
					"$(SDKROOT)/Developer/Library/Frameworks",
					"$(inherited)",
				);
				INFOPLIST_FILE = "Pitch PerfectTests/Info.plist";
				LD_RUNPATH_SEARCH_PATHS = "$(inherited) @executable_path/Frameworks @loader_path/Frameworks";
				PRODUCT_NAME = "$(TARGET_NAME)";
				TEST_HOST = "$(BUILT_PRODUCTS_DIR)/Pitch Perfect.app/Pitch Perfect";
			};
			name = Release;
		};
/* End XCBuildConfiguration section */

/* Begin XCConfigurationList section */
		184A4C701BBB503900124302 /* Build configuration list for PBXProject "Pitch Perfect" */ = {
			isa = XCConfigurationList;
			buildConfigurations = (
				184A4C921BBB503900124302 /* Debug */,
				184A4C931BBB503900124302 /* Release */,
			);
			defaultConfigurationIsVisible = 0;
			defaultConfigurationName = Release;
		};
		184A4C941BBB503900124302 /* Build configuration list for PBXNativeTarget "Pitch Perfect" */ = {
			isa = XCConfigurationList;
			buildConfigurations = (
				184A4C951BBB503900124302 /* Debug */,
				184A4C961BBB503900124302 /* Release */,
			);
			defaultConfigurationIsVisible = 0;
			defaultConfigurationName = Release;
		};
		184A4C971BBB503900124302 /* Build configuration list for PBXNativeTarget "Pitch PerfectTests" */ = {
			isa = XCConfigurationList;
			buildConfigurations = (
				184A4C981BBB503900124302 /* Debug */,
				184A4C991BBB503900124302 /* Release */,
			);
			defaultConfigurationIsVisible = 0;
			defaultConfigurationName = Release;
		};
/* End XCConfigurationList section */
	};
	rootObject = 184A4C6D1BBB503900124302 /* Project object */;
}
